
Microsoft Visual Studio Solution File, Format Version 12.00
# Visual Studio 2012
Project("{FAE04EC0-301F-11D3-BF4B-00C04F79EFBC}") = "MessageBoardAPI", "MessageBoardBackend\MessageBoardAPI.csproj", "{8ADDBA9E-2895-4182-89CF-5D4BBEE7B8F6}"
EndProject
Global
	GlobalSection(SolutionConfigurationPlatforms) = preSolution
		Debug|Any CPU = Debug|Any CPU
		Release|Any CPU = Release|Any CPU
	EndGlobalSection
	GlobalSection(ProjectConfigurationPlatforms) = postSolution
		{8ADDBA9E-2895-4182-89CF-5D4BBEE7B8F6}.Debug|Any CPU.ActiveCfg = Debug|Any CPU
		{8ADDBA9E-2895-4182-89CF-5D4BBEE7B8F6}.Debug|Any CPU.Build.0 = Debug|Any CPU
		{8ADDBA9E-2895-4182-89CF-5D4BBEE7B8F6}.Release|Any CPU.ActiveCfg = Release|Any CPU
		{8ADDBA9E-2895-4182-89CF-5D4BBEE7B8F6}.Release|Any CPU.Build.0 = Release|Any CPU
	EndGlobalSection
	GlobalSection(MonoDevelopProperties) = preSolution
		Policies = $0
		$0.DotNetNamingPolicy = $1
		$1.DirectoryNamespaceAssociation = PrefixedHierarchical
	EndGlobalSection
EndGlobal
